// !$*UTF8*$!
{
	archiveVersion = 1;
	classes = {
	};
	objectVersion = 50;
	objects = {

/* Begin PBXBuildFile section */
		BE5FB6CD2427B0E700C1624A /* my-lws-client.cpp in Sources */ = {isa = PBXBuildFile; fileRef = BE5FB6CC2427B0E700C1624A /* my-lws-client.cpp */; };
		BE5FB6D02427B1B700C1624A /* libwebsockets.dylib in Frameworks */ = {isa = PBXBuildFile; fileRef = BE5FB6CF2427B1B700C1624A /* libwebsockets.dylib */; };
		BE5FB6DD243A489400C1624A /* my-lws-common.cpp in Sources */ = {isa = PBXBuildFile; fileRef = BE5FB6DB243A489400C1624A /* my-lws-common.cpp */; };
/* End PBXBuildFile section */

/* Begin PBXCopyFilesBuildPhase section */
		BE5FB6C02427B0B700C1624A /* CopyFiles */ = {
			isa = PBXCopyFilesBuildPhase;
			buildActionMask = 2147483647;
			dstPath = /usr/share/man/man1/;
			dstSubfolderSpec = 0;
			files = (
			);
			runOnlyForDeploymentPostprocessing = 1;
		};
/* End PBXCopyFilesBuildPhase section */

/* Begin PBXFileReference section */
		BE5FB6C22427B0B700C1624A /* my-lws-client */ = {isa = PBXFileReference; explicitFileType = "compiled.mach-o.executable"; includeInIndex = 0; path = "my-lws-client"; sourceTree = BUILT_PRODUCTS_DIR; };
		BE5FB6CC2427B0E700C1624A /* my-lws-client.cpp */ = {isa = PBXFileReference; fileEncoding = 4; lastKnownFileType = sourcecode.cpp.cpp; name = "my-lws-client.cpp"; path = "../../../../dev/vxg/my-lws-client.cpp"; sourceTree = "<group>"; };
		BE5FB6CF2427B1B700C1624A /* libwebsockets.dylib */ = {isa = PBXFileReference; lastKnownFileType = "compiled.mach-o.dylib"; name = libwebsockets.dylib; path = ../../../lib/libwebsockets/macos_b64/bin/libwebsockets.dylib; sourceTree = "<group>"; };
		BE5FB6DB243A489400C1624A /* my-lws-common.cpp */ = {isa = PBXFileReference; fileEncoding = 4; lastKnownFileType = sourcecode.cpp.cpp; name = "my-lws-common.cpp"; path = "../../../../dev/vxg/my-lws-common.cpp"; sourceTree = "<group>"; };
		BE5FB6DC243A489400C1624A /* my-lws-common.h */ = {isa = PBXFileReference; fileEncoding = 4; lastKnownFileType = sourcecode.c.h; name = "my-lws-common.h"; path = "../../../../dev/vxg/my-lws-common.h"; sourceTree = "<group>"; };
/* End PBXFileReference section */

/* Begin PBXFrameworksBuildPhase section */
		BE5FB6BF2427B0B700C1624A /* Frameworks */ = {
			isa = PBXFrameworksBuildPhase;
			buildActionMask = 2147483647;
			files = (
				BE5FB6D02427B1B700C1624A /* libwebsockets.dylib in Frameworks */,
			);
			runOnlyForDeploymentPostprocessing = 0;
		};
/* End PBXFrameworksBuildPhase section */

/* Begin PBXGroup section */
		BE5FB6B92427B0B700C1624A = {
			isa = PBXGroup;
			children = (
				BE5FB6C42427B0B700C1624A /* my-lws-client */,
				BE5FB6C32427B0B700C1624A /* Products */,
				BE5FB6CE2427B1B700C1624A /* Frameworks */,
			);
			sourceTree = "<group>";
		};
		BE5FB6C32427B0B700C1624A /* Products */ = {
			isa = PBXGroup;
			children = (
				BE5FB6C22427B0B700C1624A /* my-lws-client */,
			);
			name = Products;
			sourceTree = "<group>";
		};
		BE5FB6C42427B0B700C1624A /* my-lws-client */ = {
			isa = PBXGroup;
			children = (
				BE5FB6DB243A489400C1624A /* my-lws-common.cpp */,
				BE5FB6DC243A489400C1624A /* my-lws-common.h */,
				BE5FB6CC2427B0E700C1624A /* my-lws-client.cpp */,
			);
			path = "my-lws-client";
			sourceTree = "<group>";
		};
		BE5FB6CE2427B1B700C1624A /* Frameworks */ = {
			isa = PBXGroup;
			children = (
				BE5FB6CF2427B1B700C1624A /* libwebsockets.dylib */,
			);
			name = Frameworks;
			sourceTree = "<group>";
		};
/* End PBXGroup section */

/* Begin PBXNativeTarget section */
		BE5FB6C12427B0B700C1624A /* my-lws-client */ = {
			isa = PBXNativeTarget;
			buildConfigurationList = BE5FB6C92427B0B700C1624A /* Build configuration list for PBXNativeTarget "my-lws-client" */;
			buildPhases = (
				BE5FB6BE2427B0B700C1624A /* Sources */,
				BE5FB6BF2427B0B700C1624A /* Frameworks */,
				BE5FB6C02427B0B700C1624A /* CopyFiles */,
			);
			buildRules = (
			);
			dependencies = (
			);
			name = "my-lws-client";
			productName = "my-lws-client";
			productReference = BE5FB6C22427B0B700C1624A /* my-lws-client */;
			productType = "com.apple.product-type.tool";
		};
/* End PBXNativeTarget section */

/* Begin PBXProject section */
		BE5FB6BA2427B0B700C1624A /* Project object */ = {
			isa = PBXProject;
			attributes = {
				LastUpgradeCheck = 1030;
				ORGANIZATIONNAME = test;
				TargetAttributes = {
					BE5FB6C12427B0B700C1624A = {
						CreatedOnToolsVersion = 10.3;
					};
				};
			};
			buildConfigurationList = BE5FB6BD2427B0B700C1624A /* Build configuration list for PBXProject "my-lws-client" */;
			compatibilityVersion = "Xcode 9.3";
			developmentRegion = en;
			hasScannedForEncodings = 0;
			knownRegions = (
				en,
			);
			mainGroup = BE5FB6B92427B0B700C1624A;
			productRefGroup = BE5FB6C32427B0B700C1624A /* Products */;
			projectDirPath = "";
			projectRoot = "";
			targets = (
				BE5FB6C12427B0B700C1624A /* my-lws-client */,
			);
		};
/* End PBXProject section */

/* Begin PBXSourcesBuildPhase section */
		BE5FB6BE2427B0B700C1624A /* Sources */ = {
			isa = PBXSourcesBuildPhase;
			buildActionMask = 2147483647;
			files = (
				BE5FB6CD2427B0E700C1624A /* my-lws-client.cpp in Sources */,
				BE5FB6DD243A489400C1624A /* my-lws-common.cpp in Sources */,
			);
			runOnlyForDeploymentPostprocessing = 0;
		};
/* End PBXSourcesBuildPhase section */

/* Begin XCBuildConfiguration section */
		BE5FB6C72427B0B700C1624A /* Debug */ = {
			isa = XCBuildConfiguration;
			buildSettings = {
				ALWAYS_SEARCH_USER_PATHS = NO;
				CLANG_ANALYZER_NONNULL = YES;
				CLANG_ANALYZER_NUMBER_OBJECT_CONVERSION = YES_AGGRESSIVE;
				CLANG_CXX_LANGUAGE_STANDARD = "gnu++14";
				CLANG_CXX_LIBRARY = "libc++";
				CLANG_ENABLE_MODULES = YES;
				CLANG_ENABLE_OBJC_ARC = YES;
				CLANG_ENABLE_OBJC_WEAK = YES;
				CLANG_WARN_BLOCK_CAPTURE_AUTORELEASING = YES;
				CLANG_WARN_BOOL_CONVERSION = YES;
				CLANG_WARN_COMMA = YES;
				CLANG_WARN_CONSTANT_CONVERSION = YES;
				CLANG_WARN_DEPRECATED_OBJC_IMPLEMENTATIONS = YES;
				CLANG_WARN_DIRECT_OBJC_ISA_USAGE = YES_ERROR;
				CLANG_WARN_DOCUMENTATION_COMMENTS = YES;
				CLANG_WARN_EMPTY_BODY = YES;
				CLANG_WARN_ENUM_CONVERSION = YES;
				CLANG_WARN_INFINITE_RECURSION = YES;
				CLANG_WARN_INT_CONVERSION = YES;
				CLANG_WARN_NON_LITERAL_NULL_CONVERSION = YES;
				CLANG_WARN_OBJC_IMPLICIT_RETAIN_SELF = YES;
				CLANG_WARN_OBJC_LITERAL_CONVERSION = YES;
				CLANG_WARN_OBJC_ROOT_CLASS = YES_ERROR;
				CLANG_WARN_RANGE_LOOP_ANALYSIS = YES;
				CLANG_WARN_STRICT_PROTOTYPES = YES;
				CLANG_WARN_SUSPICIOUS_MOVE = YES;
				CLANG_WARN_UNGUARDED_AVAILABILITY = YES_AGGRESSIVE;
				CLANG_WARN_UNREACHABLE_CODE = YES;
				CLANG_WARN__DUPLICATE_METHOD_MATCH = YES;
				CODE_SIGN_IDENTITY = "-";
				COPY_PHASE_STRIP = NO;
				DEBUG_INFORMATION_FORMAT = dwarf;
				ENABLE_STRICT_OBJC_MSGSEND = YES;
				ENABLE_TESTABILITY = YES;
				GCC_C_LANGUAGE_STANDARD = gnu11;
				GCC_DYNAMIC_NO_PIC = NO;
				GCC_NO_COMMON_BLOCKS = YES;
				GCC_OPTIMIZATION_LEVEL = 0;
				GCC_PREPROCESSOR_DEFINITIONS = (
					"DEBUG=1",
					"$(inherited)",
				);
				GCC_WARN_64_TO_32_BIT_CONVERSION = YES;
				GCC_WARN_ABOUT_RETURN_TYPE = YES_ERROR;
				GCC_WARN_UNDECLARED_SELECTOR = YES;
				GCC_WARN_UNINITIALIZED_AUTOS = YES_AGGRESSIVE;
				GCC_WARN_UNUSED_FUNCTION = YES;
				GCC_WARN_UNUSED_VARIABLE = YES;
				MACOSX_DEPLOYMENT_TARGET = 10.14;
				MTL_ENABLE_DEBUG_INFO = INCLUDE_SOURCE;
				MTL_FAST_MATH = YES;
				ONLY_ACTIVE_ARCH = YES;
				SDKROOT = macosx;
			};
			name = Debug;
		};
		BE5FB6C82427B0B700C1624A /* Release */ = {
			isa = XCBuildConfiguration;
			buildSettings = {
				ALWAYS_SEARCH_USER_PATHS = NO;
				CLANG_ANALYZER_NONNULL = YES;
				CLANG_ANALYZER_NUMBER_OBJECT_CONVERSION = YES_AGGRESSIVE;
				CLANG_CXX_LANGUAGE_STANDARD = "gnu++14";
				CLANG_CXX_LIBRARY = "libc++";
				CLANG_ENABLE_MODULES = YES;
				CLANG_ENABLE_OBJC_ARC = YES;
				CLANG_ENABLE_OBJC_WEAK = YES;
				CLANG_WARN_BLOCK_CAPTURE_AUTORELEASING = YES;
				CLANG_WARN_BOOL_CONVERSION = YES;
				CLANG_WARN_COMMA = YES;
				CLANG_WARN_CONSTANT_CONVERSION = YES;
				CLANG_WARN_DEPRECATED_OBJC_IMPLEMENTATIONS = YES;
				CLANG_WARN_DIRECT_OBJC_ISA_USAGE = YES_ERROR;
				CLANG_WARN_DOCUMENTATION_COMMENTS = YES;
				CLANG_WARN_EMPTY_BODY = YES;
				CLANG_WARN_ENUM_CONVERSION = YES;
				CLANG_WARN_INFINITE_RECURSION = YES;
				CLANG_WARN_INT_CONVERSION = YES;
				CLANG_WARN_NON_LITERAL_NULL_CONVERSION = YES;
				CLANG_WARN_OBJC_IMPLICIT_RETAIN_SELF = YES;
				CLANG_WARN_OBJC_LITERAL_CONVERSION = YES;
				CLANG_WARN_OBJC_ROOT_CLASS = YES_ERROR;
				CLANG_WARN_RANGE_LOOP_ANALYSIS = YES;
				CLANG_WARN_STRICT_PROTOTYPES = YES;
				CLANG_WARN_SUSPICIOUS_MOVE = YES;
				CLANG_WARN_UNGUARDED_AVAILABILITY = YES_AGGRESSIVE;
				CLANG_WARN_UNREACHABLE_CODE = YES;
				CLANG_WARN__DUPLICATE_METHOD_MATCH = YES;
				CODE_SIGN_IDENTITY = "-";
				COPY_PHASE_STRIP = NO;
				DEBUG_INFORMATION_FORMAT = "dwarf-with-dsym";
				ENABLE_NS_ASSERTIONS = NO;
				ENABLE_STRICT_OBJC_MSGSEND = YES;
				GCC_C_LANGUAGE_STANDARD = gnu11;
				GCC_NO_COMMON_BLOCKS = YES;
				GCC_WARN_64_TO_32_BIT_CONVERSION = YES;
				GCC_WARN_ABOUT_RETURN_TYPE = YES_ERROR;
				GCC_WARN_UNDECLARED_SELECTOR = YES;
				GCC_WARN_UNINITIALIZED_AUTOS = YES_AGGRESSIVE;
				GCC_WARN_UNUSED_FUNCTION = YES;
				GCC_WARN_UNUSED_VARIABLE = YES;
				MACOSX_DEPLOYMENT_TARGET = 10.14;
				MTL_ENABLE_DEBUG_INFO = NO;
				MTL_FAST_MATH = YES;
				SDKROOT = macosx;
			};
			name = Release;
		};
		BE5FB6CA2427B0B700C1624A /* Debug */ = {
			isa = XCBuildConfiguration;
			buildSettings = {
				CODE_SIGN_STYLE = Automatic;
				GCC_PREPROCESSOR_DEFINITIONS = (
					_DARWIN_SOURCE,
					_MACOSX_SOURCE,
				);
				HEADER_SEARCH_PATHS = (
					"$(PROJECT_DIR)/../../../lib/libwebsockets/macos_b64/include",
					"$(PROJECT_DIR)/../../../lib/libuv/macos_b64/include",
					"$(PROJECT_DIR)/../../../lib/libevent/macos_b64/include",
					"$(PROJECT_DIR)/../../../lib/openssl/macos_b64/include",
				);
				LIBRARY_SEARCH_PATHS = "$(PROJECT_DIR)/../../../lib/libwebsockets/macos_b64/bin";
				PRODUCT_NAME = "$(TARGET_NAME)";
			};
			name = Debug;
		};
		BE5FB6CB2427B0B700C1624A /* Release */ = {
			isa = XCBuildConfiguration;
			buildSettings = {
				CODE_SIGN_STYLE = Automatic;
				GCC_PREPROCESSOR_DEFINITIONS = (
					_DARWIN_SOURCE,
					_MACOSX_SOURCE,
				);
				HEADER_SEARCH_PATHS = (
					"$(PROJECT_DIR)/../../../lib/libwebsockets/macos_b64/include",
					"$(PROJECT_DIR)/../../../lib/libuv/macos_b64/include",
					"$(PROJECT_DIR)/../../../lib/libevent/macos_b64/include",
					"$(PROJECT_DIR)/../../../lib/openssl/macos_b64/include",
				);
				LIBRARY_SEARCH_PATHS = "$(PROJECT_DIR)/../../../lib/libwebsockets/macos_b64/bin";
				PRODUCT_NAME = "$(TARGET_NAME)";
			};
			name = Release;
		};
/* End XCBuildConfiguration section */

/* Begin XCConfigurationList section */
		BE5FB6BD2427B0B700C1624A /* Build configuration list for PBXProject "my-lws-client" */ = {
			isa = XCConfigurationList;
			buildConfigurations = (
				BE5FB6C72427B0B700C1624A /* Debug */,
				BE5FB6C82427B0B700C1624A /* Release */,
			);
			defaultConfigurationIsVisible = 0;
			defaultConfigurationName = Release;
		};
		BE5FB6C92427B0B700C1624A /* Build configuration list for PBXNativeTarget "my-lws-client" */ = {
			isa = XCConfigurationList;
			buildConfigurations = (
				BE5FB6CA2427B0B700C1624A /* Debug */,
				BE5FB6CB2427B0B700C1624A /* Release */,
			);
			defaultConfigurationIsVisible = 0;
			defaultConfigurationName = Release;
		};
/* End XCConfigurationList section */
	};
	rootObject = BE5FB6BA2427B0B700C1624A /* Project object */;
}
